// !$*UTF8*$!
{
	archiveVersion = 1;
	classes = {
	};
	objectVersion = 50;
	objects = {

/* Begin PBXBuildFile section */
		81BA92CA24DB2F83003A050F /* AppDelegate.swift in Sources */ = {isa = PBXBuildFile; fileRef = 81BA92C924DB2F83003A050F /* AppDelegate.swift */; };
		81BA92CC24DB2F83003A050F /* SceneDelegate.swift in Sources */ = {isa = PBXBuildFile; fileRef = 81BA92CB24DB2F83003A050F /* SceneDelegate.swift */; };
		81BA92CE24DB2F83003A050F /* HomeView.swift in Sources */ = {isa = PBXBuildFile; fileRef = 81BA92CD24DB2F83003A050F /* HomeView.swift */; };
		81BA92D024DB2F85003A050F /* Assets.xcassets in Resources */ = {isa = PBXBuildFile; fileRef = 81BA92CF24DB2F85003A050F /* Assets.xcassets */; };
		81BA92D324DB2F85003A050F /* Preview Assets.xcassets in Resources */ = {isa = PBXBuildFile; fileRef = 81BA92D224DB2F85003A050F /* Preview Assets.xcassets */; };
		81BA92D624DB2F85003A050F /* LaunchScreen.storyboard in Resources */ = {isa = PBXBuildFile; fileRef = 81BA92D424DB2F85003A050F /* LaunchScreen.storyboard */; };
		81BA92E124DB2F85003A050F /* BoyVSGirlTests.swift in Sources */ = {isa = PBXBuildFile; fileRef = 81BA92E024DB2F85003A050F /* BoyVSGirlTests.swift */; };
		81BA92EC24DB2FCB003A050F /* HomeViewModel.swift in Sources */ = {isa = PBXBuildFile; fileRef = 81BA92EB24DB2FCB003A050F /* HomeViewModel.swift */; };
		81BA92F124DB350F003A050F /* Vote.swift in Sources */ = {isa = PBXBuildFile; fileRef = 81BA92F024DB350F003A050F /* Vote.swift */; };
		81BA92F424DB351D003A050F /* Vote.swift in Sources */ = {isa = PBXBuildFile; fileRef = 81BA92F024DB350F003A050F /* Vote.swift */; };
		81BA92F824DB3FAB003A050F /* RoundedCorners.swift in Sources */ = {isa = PBXBuildFile; fileRef = 81BA92F724DB3FAB003A050F /* RoundedCorners.swift */; };
		81BA92FA24DB5112003A050F /* Images.swift in Sources */ = {isa = PBXBuildFile; fileRef = 81BA92F924DB5112003A050F /* Images.swift */; };
		81BA92FD24DB7976003A050F /* Ext+UIScreen.swift in Sources */ = {isa = PBXBuildFile; fileRef = 81BA92FC24DB7976003A050F /* Ext+UIScreen.swift */; };
		81BA930024DB7E48003A050F /* Ext+Color.swift in Sources */ = {isa = PBXBuildFile; fileRef = 81BA92FF24DB7E48003A050F /* Ext+Color.swift */; };
		E46F37D72503D4C3007BD54E /* GenderImageView.swift in Sources */ = {isa = PBXBuildFile; fileRef = E46F37D62503D4C3007BD54E /* GenderImageView.swift */; };
		E46F37DA2503D811007BD54E /* Icon.swift in Sources */ = {isa = PBXBuildFile; fileRef = E46F37D92503D811007BD54E /* Icon.swift */; };
		E46F38002503DDCD007BD54E /* BoyVSGirl.xcdatamodeld in Sources */ = {isa = PBXBuildFile; fileRef = E46F37FE2503DDCD007BD54E /* BoyVSGirl.xcdatamodeld */; };
		E46F38042503E0FA007BD54E /* CoreDataManager.swift in Sources */ = {isa = PBXBuildFile; fileRef = E46F38032503E0FA007BD54E /* CoreDataManager.swift */; };
		E46F38062503E1FB007BD54E /* Ext+os_log.swift in Sources */ = {isa = PBXBuildFile; fileRef = E46F38052503E1FB007BD54E /* Ext+os_log.swift */; };
		E4A7F8292500E04200B3568E /* IconView.swift in Sources */ = {isa = PBXBuildFile; fileRef = E4A7F8282500E04200B3568E /* IconView.swift */; };
		E4B235CC24FFFA4B00950A29 /* Ext+Double.swift in Sources */ = {isa = PBXBuildFile; fileRef = E4B235CB24FFFA4B00950A29 /* Ext+Double.swift */; };
/* End PBXBuildFile section */

/* Begin PBXContainerItemProxy section */
		81BA92DD24DB2F85003A050F /* PBXContainerItemProxy */ = {
			isa = PBXContainerItemProxy;
			containerPortal = 81BA92BE24DB2F83003A050F /* Project object */;
			proxyType = 1;
			remoteGlobalIDString = 81BA92C524DB2F83003A050F;
			remoteInfo = BoyVSGirl;
		};
/* End PBXContainerItemProxy section */

/* Begin PBXFileReference section */
		81BA92C624DB2F83003A050F /* BoyVSGirl.app */ = {isa = PBXFileReference; explicitFileType = wrapper.application; includeInIndex = 0; path = BoyVSGirl.app; sourceTree = BUILT_PRODUCTS_DIR; };
		81BA92C924DB2F83003A050F /* AppDelegate.swift */ = {isa = PBXFileReference; lastKnownFileType = sourcecode.swift; path = AppDelegate.swift; sourceTree = "<group>"; };
		81BA92CB24DB2F83003A050F /* SceneDelegate.swift */ = {isa = PBXFileReference; lastKnownFileType = sourcecode.swift; path = SceneDelegate.swift; sourceTree = "<group>"; };
		81BA92CD24DB2F83003A050F /* HomeView.swift */ = {isa = PBXFileReference; lastKnownFileType = sourcecode.swift; path = HomeView.swift; sourceTree = "<group>"; };
		81BA92CF24DB2F85003A050F /* Assets.xcassets */ = {isa = PBXFileReference; lastKnownFileType = folder.assetcatalog; path = Assets.xcassets; sourceTree = "<group>"; };
		81BA92D224DB2F85003A050F /* Preview Assets.xcassets */ = {isa = PBXFileReference; lastKnownFileType = folder.assetcatalog; path = "Preview Assets.xcassets"; sourceTree = "<group>"; };
		81BA92D524DB2F85003A050F /* Base */ = {isa = PBXFileReference; lastKnownFileType = file.storyboard; name = Base; path = Base.lproj/LaunchScreen.storyboard; sourceTree = "<group>"; };
		81BA92D724DB2F85003A050F /* Info.plist */ = {isa = PBXFileReference; lastKnownFileType = text.plist.xml; path = Info.plist; sourceTree = "<group>"; };
		81BA92DC24DB2F85003A050F /* BoyVSGirlTests.xctest */ = {isa = PBXFileReference; explicitFileType = wrapper.cfbundle; includeInIndex = 0; path = BoyVSGirlTests.xctest; sourceTree = BUILT_PRODUCTS_DIR; };
		81BA92E024DB2F85003A050F /* BoyVSGirlTests.swift */ = {isa = PBXFileReference; lastKnownFileType = sourcecode.swift; path = BoyVSGirlTests.swift; sourceTree = "<group>"; };
		81BA92E224DB2F85003A050F /* Info.plist */ = {isa = PBXFileReference; lastKnownFileType = text.plist.xml; path = Info.plist; sourceTree = "<group>"; };
		81BA92EB24DB2FCB003A050F /* HomeViewModel.swift */ = {isa = PBXFileReference; lastKnownFileType = sourcecode.swift; path = HomeViewModel.swift; sourceTree = "<group>"; };
		81BA92F024DB350F003A050F /* Vote.swift */ = {isa = PBXFileReference; lastKnownFileType = sourcecode.swift; path = Vote.swift; sourceTree = "<group>"; };
		81BA92F724DB3FAB003A050F /* RoundedCorners.swift */ = {isa = PBXFileReference; lastKnownFileType = sourcecode.swift; path = RoundedCorners.swift; sourceTree = "<group>"; };
		81BA92F924DB5112003A050F /* Images.swift */ = {isa = PBXFileReference; lastKnownFileType = sourcecode.swift; path = Images.swift; sourceTree = "<group>"; };
		81BA92FC24DB7976003A050F /* Ext+UIScreen.swift */ = {isa = PBXFileReference; lastKnownFileType = sourcecode.swift; path = "Ext+UIScreen.swift"; sourceTree = "<group>"; };
		81BA92FF24DB7E48003A050F /* Ext+Color.swift */ = {isa = PBXFileReference; lastKnownFileType = sourcecode.swift; path = "Ext+Color.swift"; sourceTree = "<group>"; };
		E46F37D62503D4C3007BD54E /* GenderImageView.swift */ = {isa = PBXFileReference; lastKnownFileType = sourcecode.swift; path = GenderImageView.swift; sourceTree = "<group>"; };
		E46F37D92503D811007BD54E /* Icon.swift */ = {isa = PBXFileReference; lastKnownFileType = sourcecode.swift; path = Icon.swift; sourceTree = "<group>"; };
		E46F37FF2503DDCD007BD54E /* BoyVSGirl.xcdatamodel */ = {isa = PBXFileReference; lastKnownFileType = wrapper.xcdatamodel; path = BoyVSGirl.xcdatamodel; sourceTree = "<group>"; };
		E46F38032503E0FA007BD54E /* CoreDataManager.swift */ = {isa = PBXFileReference; lastKnownFileType = sourcecode.swift; path = CoreDataManager.swift; sourceTree = "<group>"; };
		E46F38052503E1FB007BD54E /* Ext+os_log.swift */ = {isa = PBXFileReference; lastKnownFileType = sourcecode.swift; path = "Ext+os_log.swift"; sourceTree = "<group>"; };
		E4A7F8282500E04200B3568E /* IconView.swift */ = {isa = PBXFileReference; lastKnownFileType = sourcecode.swift; path = IconView.swift; sourceTree = "<group>"; };
		E4B235CB24FFFA4B00950A29 /* Ext+Double.swift */ = {isa = PBXFileReference; lastKnownFileType = sourcecode.swift; path = "Ext+Double.swift"; sourceTree = "<group>"; };
/* End PBXFileReference section */

/* Begin PBXFrameworksBuildPhase section */
		81BA92C324DB2F83003A050F /* Frameworks */ = {
			isa = PBXFrameworksBuildPhase;
			buildActionMask = 2147483647;
			files = (
			);
			runOnlyForDeploymentPostprocessing = 0;
		};
		81BA92D924DB2F85003A050F /* Frameworks */ = {
			isa = PBXFrameworksBuildPhase;
			buildActionMask = 2147483647;
			files = (
			);
			runOnlyForDeploymentPostprocessing = 0;
		};
/* End PBXFrameworksBuildPhase section */

/* Begin PBXGroup section */
		81BA92BD24DB2F83003A050F = {
			isa = PBXGroup;
			children = (
				81BA92C824DB2F83003A050F /* BoyVSGirl */,
				81BA92DF24DB2F85003A050F /* BoyVSGirlTests */,
				81BA92C724DB2F83003A050F /* Products */,
			);
			sourceTree = "<group>";
		};
		81BA92C724DB2F83003A050F /* Products */ = {
			isa = PBXGroup;
			children = (
				81BA92C624DB2F83003A050F /* BoyVSGirl.app */,
				81BA92DC24DB2F85003A050F /* BoyVSGirlTests.xctest */,
			);
			name = Products;
			sourceTree = "<group>";
		};
		81BA92C824DB2F83003A050F /* BoyVSGirl */ = {
			isa = PBXGroup;
			children = (
				E46F38022503DE51007BD54E /* App */,
				81BA92F224DB3516003A050F /* Model */,
				81BA92FE24DB7AE2003A050F /* Home Screen */,
				E46F37D82503D7C2007BD54E /* Reusable Views */,
				81BA92FB24DB7948003A050F /* Extensions */,
				81BA92F624DB3F9A003A050F /* Enums */,
				E46F38012503DE2C007BD54E /* CoreData Files */,
				81BA92D724DB2F85003A050F /* Info.plist */,
				81BA92CF24DB2F85003A050F /* Assets.xcassets */,
				81BA92D124DB2F85003A050F /* Preview Content */,
			);
			path = BoyVSGirl;
			sourceTree = "<group>";
		};
		81BA92D124DB2F85003A050F /* Preview Content */ = {
			isa = PBXGroup;
			children = (
				81BA92D224DB2F85003A050F /* Preview Assets.xcassets */,
			);
			path = "Preview Content";
			sourceTree = "<group>";
		};
		81BA92DF24DB2F85003A050F /* BoyVSGirlTests */ = {
			isa = PBXGroup;
			children = (
				81BA92E024DB2F85003A050F /* BoyVSGirlTests.swift */,
				81BA92E224DB2F85003A050F /* Info.plist */,
			);
			path = BoyVSGirlTests;
			sourceTree = "<group>";
		};
		81BA92F224DB3516003A050F /* Model */ = {
			isa = PBXGroup;
			children = (
				81BA92F024DB350F003A050F /* Vote.swift */,
			);
			path = Model;
			sourceTree = "<group>";
		};
		81BA92F624DB3F9A003A050F /* Enums */ = {
			isa = PBXGroup;
			children = (
				81BA92F924DB5112003A050F /* Images.swift */,
				E46F37D92503D811007BD54E /* Icon.swift */,
			);
			path = Enums;
			sourceTree = "<group>";
		};
		81BA92FB24DB7948003A050F /* Extensions */ = {
			isa = PBXGroup;
			children = (
				81BA92FC24DB7976003A050F /* Ext+UIScreen.swift */,
				81BA92FF24DB7E48003A050F /* Ext+Color.swift */,
				E4B235CB24FFFA4B00950A29 /* Ext+Double.swift */,
				E46F38052503E1FB007BD54E /* Ext+os_log.swift */,
			);
			path = Extensions;
			sourceTree = "<group>";
		};
		81BA92FE24DB7AE2003A050F /* Home Screen */ = {
			isa = PBXGroup;
			children = (
				81BA92EB24DB2FCB003A050F /* HomeViewModel.swift */,
				81BA92CD24DB2F83003A050F /* HomeView.swift */,
			);
			path = "Home Screen";
			sourceTree = "<group>";
		};
		E46F37D82503D7C2007BD54E /* Reusable Views */ = {
			isa = PBXGroup;
			children = (
				81BA92F724DB3FAB003A050F /* RoundedCorners.swift */,
				E46F37D62503D4C3007BD54E /* GenderImageView.swift */,
				E4A7F8282500E04200B3568E /* IconView.swift */,
			);
			path = "Reusable Views";
			sourceTree = "<group>";
		};
		E46F38012503DE2C007BD54E /* CoreData Files */ = {
			isa = PBXGroup;
			children = (
				E46F38032503E0FA007BD54E /* CoreDataManager.swift */,
				E46F37FE2503DDCD007BD54E /* BoyVSGirl.xcdatamodeld */,
			);
			path = "CoreData Files";
			sourceTree = "<group>";
		};
		E46F38022503DE51007BD54E /* App */ = {
			isa = PBXGroup;
			children = (
				81BA92C924DB2F83003A050F /* AppDelegate.swift */,
				81BA92CB24DB2F83003A050F /* SceneDelegate.swift */,
				81BA92D424DB2F85003A050F /* LaunchScreen.storyboard */,
			);
			path = App;
			sourceTree = "<group>";
		};
/* End PBXGroup section */

/* Begin PBXNativeTarget section */
		81BA92C524DB2F83003A050F /* BoyVSGirl */ = {
			isa = PBXNativeTarget;
			buildConfigurationList = 81BA92E524DB2F85003A050F /* Build configuration list for PBXNativeTarget "BoyVSGirl" */;
			buildPhases = (
				81BA92C224DB2F83003A050F /* Sources */,
				81BA92C324DB2F83003A050F /* Frameworks */,
				81BA92C424DB2F83003A050F /* Resources */,
			);
			buildRules = (
			);
			dependencies = (
			);
			name = BoyVSGirl;
			productName = BoyVSGirl;
			productReference = 81BA92C624DB2F83003A050F /* BoyVSGirl.app */;
			productType = "com.apple.product-type.application";
		};
		81BA92DB24DB2F85003A050F /* BoyVSGirlTests */ = {
			isa = PBXNativeTarget;
			buildConfigurationList = 81BA92E824DB2F85003A050F /* Build configuration list for PBXNativeTarget "BoyVSGirlTests" */;
			buildPhases = (
				81BA92D824DB2F85003A050F /* Sources */,
				81BA92D924DB2F85003A050F /* Frameworks */,
				81BA92DA24DB2F85003A050F /* Resources */,
			);
			buildRules = (
			);
			dependencies = (
				81BA92DE24DB2F85003A050F /* PBXTargetDependency */,
			);
			name = BoyVSGirlTests;
			productName = BoyVSGirlTests;
			productReference = 81BA92DC24DB2F85003A050F /* BoyVSGirlTests.xctest */;
			productType = "com.apple.product-type.bundle.unit-test";
		};
/* End PBXNativeTarget section */

/* Begin PBXProject section */
		81BA92BE24DB2F83003A050F /* Project object */ = {
			isa = PBXProject;
			attributes = {
				LastSwiftUpdateCheck = 1160;
				LastUpgradeCheck = 1160;
				ORGANIZATIONNAME = "Timothy Stokarski";
				TargetAttributes = {
					81BA92C524DB2F83003A050F = {
						CreatedOnToolsVersion = 11.6;
					};
					81BA92DB24DB2F85003A050F = {
						CreatedOnToolsVersion = 11.6;
						TestTargetID = 81BA92C524DB2F83003A050F;
					};
				};
			};
			buildConfigurationList = 81BA92C124DB2F83003A050F /* Build configuration list for PBXProject "BoyVSGirl" */;
			compatibilityVersion = "Xcode 9.3";
			developmentRegion = en;
			hasScannedForEncodings = 0;
			knownRegions = (
				en,
				Base,
			);
			mainGroup = 81BA92BD24DB2F83003A050F;
			productRefGroup = 81BA92C724DB2F83003A050F /* Products */;
			projectDirPath = "";
			projectRoot = "";
			targets = (
				81BA92C524DB2F83003A050F /* BoyVSGirl */,
				81BA92DB24DB2F85003A050F /* BoyVSGirlTests */,
			);
		};
/* End PBXProject section */

/* Begin PBXResourcesBuildPhase section */
		81BA92C424DB2F83003A050F /* Resources */ = {
			isa = PBXResourcesBuildPhase;
			buildActionMask = 2147483647;
			files = (
				81BA92D624DB2F85003A050F /* LaunchScreen.storyboard in Resources */,
				81BA92D324DB2F85003A050F /* Preview Assets.xcassets in Resources */,
				81BA92D024DB2F85003A050F /* Assets.xcassets in Resources */,
			);
			runOnlyForDeploymentPostprocessing = 0;
		};
		81BA92DA24DB2F85003A050F /* Resources */ = {
			isa = PBXResourcesBuildPhase;
			buildActionMask = 2147483647;
			files = (
			);
			runOnlyForDeploymentPostprocessing = 0;
		};
/* End PBXResourcesBuildPhase section */

/* Begin PBXSourcesBuildPhase section */
		81BA92C224DB2F83003A050F /* Sources */ = {
			isa = PBXSourcesBuildPhase;
			buildActionMask = 2147483647;
			files = (
				81BA92CA24DB2F83003A050F /* AppDelegate.swift in Sources */,
				81BA92F124DB350F003A050F /* Vote.swift in Sources */,
				E46F37DA2503D811007BD54E /* Icon.swift in Sources */,
				E46F38042503E0FA007BD54E /* CoreDataManager.swift in Sources */,
				E4A7F8292500E04200B3568E /* IconView.swift in Sources */,
				81BA92CC24DB2F83003A050F /* SceneDelegate.swift in Sources */,
				81BA92FD24DB7976003A050F /* Ext+UIScreen.swift in Sources */,
				81BA930024DB7E48003A050F /* Ext+Color.swift in Sources */,
				E46F38002503DDCD007BD54E /* BoyVSGirl.xcdatamodeld in Sources */,
				81BA92CE24DB2F83003A050F /* HomeView.swift in Sources */,
				E46F38062503E1FB007BD54E /* Ext+os_log.swift in Sources */,
				81BA92FA24DB5112003A050F /* Images.swift in Sources */,
				81BA92EC24DB2FCB003A050F /* HomeViewModel.swift in Sources */,
				E4B235CC24FFFA4B00950A29 /* Ext+Double.swift in Sources */,
				81BA92F824DB3FAB003A050F /* RoundedCorners.swift in Sources */,
				E46F37D72503D4C3007BD54E /* GenderImageView.swift in Sources */,
			);
			runOnlyForDeploymentPostprocessing = 0;
		};
		81BA92D824DB2F85003A050F /* Sources */ = {
			isa = PBXSourcesBuildPhase;
			buildActionMask = 2147483647;
			files = (
				81BA92F424DB351D003A050F /* Vote.swift in Sources */,
				81BA92E124DB2F85003A050F /* BoyVSGirlTests.swift in Sources */,
			);
			runOnlyForDeploymentPostprocessing = 0;
		};
/* End PBXSourcesBuildPhase section */

/* Begin PBXTargetDependency section */
		81BA92DE24DB2F85003A050F /* PBXTargetDependency */ = {
			isa = PBXTargetDependency;
			target = 81BA92C524DB2F83003A050F /* BoyVSGirl */;
			targetProxy = 81BA92DD24DB2F85003A050F /* PBXContainerItemProxy */;
		};
/* End PBXTargetDependency section */

/* Begin PBXVariantGroup section */
		81BA92D424DB2F85003A050F /* LaunchScreen.storyboard */ = {
			isa = PBXVariantGroup;
			children = (
				81BA92D524DB2F85003A050F /* Base */,
			);
			name = LaunchScreen.storyboard;
			sourceTree = "<group>";
		};
/* End PBXVariantGroup section */

/* Begin XCBuildConfiguration section */
		81BA92E324DB2F85003A050F /* Debug */ = {
			isa = XCBuildConfiguration;
			buildSettings = {
				ALWAYS_SEARCH_USER_PATHS = NO;
				CLANG_ANALYZER_NONNULL = YES;
				CLANG_ANALYZER_NUMBER_OBJECT_CONVERSION = YES_AGGRESSIVE;
				CLANG_CXX_LANGUAGE_STANDARD = "gnu++14";
				CLANG_CXX_LIBRARY = "libc++";
				CLANG_ENABLE_MODULES = YES;
				CLANG_ENABLE_OBJC_ARC = YES;
				CLANG_ENABLE_OBJC_WEAK = YES;
				CLANG_WARN_BLOCK_CAPTURE_AUTORELEASING = YES;
				CLANG_WARN_BOOL_CONVERSION = YES;
				CLANG_WARN_COMMA = YES;
				CLANG_WARN_CONSTANT_CONVERSION = YES;
				CLANG_WARN_DEPRECATED_OBJC_IMPLEMENTATIONS = YES;
				CLANG_WARN_DIRECT_OBJC_ISA_USAGE = YES_ERROR;
				CLANG_WARN_DOCUMENTATION_COMMENTS = YES;
				CLANG_WARN_EMPTY_BODY = YES;
				CLANG_WARN_ENUM_CONVERSION = YES;
				CLANG_WARN_INFINITE_RECURSION = YES;
				CLANG_WARN_INT_CONVERSION = YES;
				CLANG_WARN_NON_LITERAL_NULL_CONVERSION = YES;
				CLANG_WARN_OBJC_IMPLICIT_RETAIN_SELF = YES;
				CLANG_WARN_OBJC_LITERAL_CONVERSION = YES;
				CLANG_WARN_OBJC_ROOT_CLASS = YES_ERROR;
				CLANG_WARN_RANGE_LOOP_ANALYSIS = YES;
				CLANG_WARN_STRICT_PROTOTYPES = YES;
				CLANG_WARN_SUSPICIOUS_MOVE = YES;
				CLANG_WARN_UNGUARDED_AVAILABILITY = YES_AGGRESSIVE;
				CLANG_WARN_UNREACHABLE_CODE = YES;
				CLANG_WARN__DUPLICATE_METHOD_MATCH = YES;
				COPY_PHASE_STRIP = NO;
				DEBUG_INFORMATION_FORMAT = dwarf;
				ENABLE_STRICT_OBJC_MSGSEND = YES;
				ENABLE_TESTABILITY = YES;
				GCC_C_LANGUAGE_STANDARD = gnu11;
				GCC_DYNAMIC_NO_PIC = NO;
				GCC_NO_COMMON_BLOCKS = YES;
				GCC_OPTIMIZATION_LEVEL = 0;
				GCC_PREPROCESSOR_DEFINITIONS = (
					"DEBUG=1",
					"$(inherited)",
				);
				GCC_WARN_64_TO_32_BIT_CONVERSION = YES;
				GCC_WARN_ABOUT_RETURN_TYPE = YES_ERROR;
				GCC_WARN_UNDECLARED_SELECTOR = YES;
				GCC_WARN_UNINITIALIZED_AUTOS = YES_AGGRESSIVE;
				GCC_WARN_UNUSED_FUNCTION = YES;
				GCC_WARN_UNUSED_VARIABLE = YES;
				IPHONEOS_DEPLOYMENT_TARGET = 13.6;
				MTL_ENABLE_DEBUG_INFO = INCLUDE_SOURCE;
				MTL_FAST_MATH = YES;
				ONLY_ACTIVE_ARCH = YES;
				SDKROOT = iphoneos;
				SWIFT_ACTIVE_COMPILATION_CONDITIONS = DEBUG;
				SWIFT_OPTIMIZATION_LEVEL = "-Onone";
			};
			name = Debug;
		};
		81BA92E424DB2F85003A050F /* Release */ = {
			isa = XCBuildConfiguration;
			buildSettings = {
				ALWAYS_SEARCH_USER_PATHS = NO;
				CLANG_ANALYZER_NONNULL = YES;
				CLANG_ANALYZER_NUMBER_OBJECT_CONVERSION = YES_AGGRESSIVE;
				CLANG_CXX_LANGUAGE_STANDARD = "gnu++14";
				CLANG_CXX_LIBRARY = "libc++";
				CLANG_ENABLE_MODULES = YES;
				CLANG_ENABLE_OBJC_ARC = YES;
				CLANG_ENABLE_OBJC_WEAK = YES;
				CLANG_WARN_BLOCK_CAPTURE_AUTORELEASING = YES;
				CLANG_WARN_BOOL_CONVERSION = YES;
				CLANG_WARN_COMMA = YES;
				CLANG_WARN_CONSTANT_CONVERSION = YES;
				CLANG_WARN_DEPRECATED_OBJC_IMPLEMENTATIONS = YES;
				CLANG_WARN_DIRECT_OBJC_ISA_USAGE = YES_ERROR;
				CLANG_WARN_DOCUMENTATION_COMMENTS = YES;
				CLANG_WARN_EMPTY_BODY = YES;
				CLANG_WARN_ENUM_CONVERSION = YES;
				CLANG_WARN_INFINITE_RECURSION = YES;
				CLANG_WARN_INT_CONVERSION = YES;
				CLANG_WARN_NON_LITERAL_NULL_CONVERSION = YES;
				CLANG_WARN_OBJC_IMPLICIT_RETAIN_SELF = YES;
				CLANG_WARN_OBJC_LITERAL_CONVERSION = YES;
				CLANG_WARN_OBJC_ROOT_CLASS = YES_ERROR;
				CLANG_WARN_RANGE_LOOP_ANALYSIS = YES;
				CLANG_WARN_STRICT_PROTOTYPES = YES;
				CLANG_WARN_SUSPICIOUS_MOVE = YES;
				CLANG_WARN_UNGUARDED_AVAILABILITY = YES_AGGRESSIVE;
				CLANG_WARN_UNREACHABLE_CODE = YES;
				CLANG_WARN__DUPLICATE_METHOD_MATCH = YES;
				COPY_PHASE_STRIP = NO;
				DEBUG_INFORMATION_FORMAT = "dwarf-with-dsym";
				ENABLE_NS_ASSERTIONS = NO;
				ENABLE_STRICT_OBJC_MSGSEND = YES;
				GCC_C_LANGUAGE_STANDARD = gnu11;
				GCC_NO_COMMON_BLOCKS = YES;
				GCC_WARN_64_TO_32_BIT_CONVERSION = YES;
				GCC_WARN_ABOUT_RETURN_TYPE = YES_ERROR;
				GCC_WARN_UNDECLARED_SELECTOR = YES;
				GCC_WARN_UNINITIALIZED_AUTOS = YES_AGGRESSIVE;
				GCC_WARN_UNUSED_FUNCTION = YES;
				GCC_WARN_UNUSED_VARIABLE = YES;
				IPHONEOS_DEPLOYMENT_TARGET = 13.6;
				MTL_ENABLE_DEBUG_INFO = NO;
				MTL_FAST_MATH = YES;
				SDKROOT = iphoneos;
				SWIFT_COMPILATION_MODE = wholemodule;
				SWIFT_OPTIMIZATION_LEVEL = "-O";
				VALIDATE_PRODUCT = YES;
			};
			name = Release;
		};
		81BA92E624DB2F85003A050F /* Debug */ = {
			isa = XCBuildConfiguration;
			buildSettings = {
				ASSETCATALOG_COMPILER_APPICON_NAME = AppIcon;
				CODE_SIGN_STYLE = Automatic;
				DEVELOPMENT_ASSET_PATHS = "\"BoyVSGirl/Preview Content\"";
				DEVELOPMENT_TEAM = KM42VYU5F9;
				ENABLE_PREVIEWS = YES;
				INFOPLIST_FILE = BoyVSGirl/Info.plist;
				LD_RUNPATH_SEARCH_PATHS = (
					"$(inherited)",
					"@executable_path/Frameworks",
				);
				PRODUCT_BUNDLE_IDENTIFIER = timothystokarski.BoyVSGirl;
				PRODUCT_NAME = "$(TARGET_NAME)";
				SWIFT_VERSION = 5.0;
				TARGETED_DEVICE_FAMILY = "1,2";
			};
			name = Debug;
		};
		81BA92E724DB2F85003A050F /* Release */ = {
			isa = XCBuildConfiguration;
			buildSettings = {
				ASSETCATALOG_COMPILER_APPICON_NAME = AppIcon;
				CODE_SIGN_STYLE = Automatic;
				DEVELOPMENT_ASSET_PATHS = "\"BoyVSGirl/Preview Content\"";
				DEVELOPMENT_TEAM = KM42VYU5F9;
				ENABLE_PREVIEWS = YES;
				INFOPLIST_FILE = BoyVSGirl/Info.plist;
				LD_RUNPATH_SEARCH_PATHS = (
					"$(inherited)",
					"@executable_path/Frameworks",
				);
				PRODUCT_BUNDLE_IDENTIFIER = timothystokarski.BoyVSGirl;
				PRODUCT_NAME = "$(TARGET_NAME)";
				SWIFT_VERSION = 5.0;
				TARGETED_DEVICE_FAMILY = "1,2";
			};
			name = Release;
		};
		81BA92E924DB2F85003A050F /* Debug */ = {
			isa = XCBuildConfiguration;
			buildSettings = {
				ALWAYS_EMBED_SWIFT_STANDARD_LIBRARIES = YES;
				BUNDLE_LOADER = "$(TEST_HOST)";
				CODE_SIGN_STYLE = Automatic;
				DEVELOPMENT_TEAM = KM42VYU5F9;
				INFOPLIST_FILE = BoyVSGirlTests/Info.plist;
				IPHONEOS_DEPLOYMENT_TARGET = 13.6;
				LD_RUNPATH_SEARCH_PATHS = (
					"$(inherited)",
					"@executable_path/Frameworks",
					"@loader_path/Frameworks",
				);
				PRODUCT_BUNDLE_IDENTIFIER = timothystokarski.BoyVSGirlTests;
				PRODUCT_NAME = "$(TARGET_NAME)";
				SWIFT_VERSION = 5.0;
				TARGETED_DEVICE_FAMILY = "1,2";
				TEST_HOST = "$(BUILT_PRODUCTS_DIR)/BoyVSGirl.app/BoyVSGirl";
			};
			name = Debug;
		};
		81BA92EA24DB2F85003A050F /* Release */ = {
			isa = XCBuildConfiguration;
			buildSettings = {
				ALWAYS_EMBED_SWIFT_STANDARD_LIBRARIES = YES;
				BUNDLE_LOADER = "$(TEST_HOST)";
				CODE_SIGN_STYLE = Automatic;
				DEVELOPMENT_TEAM = KM42VYU5F9;
				INFOPLIST_FILE = BoyVSGirlTests/Info.plist;
				IPHONEOS_DEPLOYMENT_TARGET = 13.6;
				LD_RUNPATH_SEARCH_PATHS = (
					"$(inherited)",
					"@executable_path/Frameworks",
					"@loader_path/Frameworks",
				);
				PRODUCT_BUNDLE_IDENTIFIER = timothystokarski.BoyVSGirlTests;
				PRODUCT_NAME = "$(TARGET_NAME)";
				SWIFT_VERSION = 5.0;
				TARGETED_DEVICE_FAMILY = "1,2";
				TEST_HOST = "$(BUILT_PRODUCTS_DIR)/BoyVSGirl.app/BoyVSGirl";
			};
			name = Release;
		};
/* End XCBuildConfiguration section */

/* Begin XCConfigurationList section */
		81BA92C124DB2F83003A050F /* Build configuration list for PBXProject "BoyVSGirl" */ = {
			isa = XCConfigurationList;
			buildConfigurations = (
				81BA92E324DB2F85003A050F /* Debug */,
				81BA92E424DB2F85003A050F /* Release */,
			);
			defaultConfigurationIsVisible = 0;
			defaultConfigurationName = Release;
		};
		81BA92E524DB2F85003A050F /* Build configuration list for PBXNativeTarget "BoyVSGirl" */ = {
			isa = XCConfigurationList;
			buildConfigurations = (
				81BA92E624DB2F85003A050F /* Debug */,
				81BA92E724DB2F85003A050F /* Release */,
			);
			defaultConfigurationIsVisible = 0;
			defaultConfigurationName = Release;
		};
		81BA92E824DB2F85003A050F /* Build configuration list for PBXNativeTarget "BoyVSGirlTests" */ = {
			isa = XCConfigurationList;
			buildConfigurations = (
				81BA92E924DB2F85003A050F /* Debug */,
				81BA92EA24DB2F85003A050F /* Release */,
			);
			defaultConfigurationIsVisible = 0;
			defaultConfigurationName = Release;
		};
/* End XCConfigurationList section */

/* Begin XCVersionGroup section */
		E46F37FE2503DDCD007BD54E /* BoyVSGirl.xcdatamodeld */ = {
			isa = XCVersionGroup;
			children = (
				E46F37FF2503DDCD007BD54E /* BoyVSGirl.xcdatamodel */,
			);
			currentVersion = E46F37FF2503DDCD007BD54E /* BoyVSGirl.xcdatamodel */;
			path = BoyVSGirl.xcdatamodeld;
			sourceTree = "<group>";
			versionGroupType = wrapper.xcdatamodel;
		};
/* End XCVersionGroup section */
	};
	rootObject = 81BA92BE24DB2F83003A050F /* Project object */;
}
